
Microsoft Visual Studio Solution File, Format Version 12.00
# Visual Studio 14
VisualStudioVersion = 14.0.25420.1
MinimumVisualStudioVersion = 10.0.40219.1
Project("{FAE04EC0-301F-11D3-BF4B-00C04F79EFBC}") = "InstanceStarter", "InstanceStarter\InstanceStarter\InstanceStarter.csproj", "{933175CA-9ABC-4E18-84C0-541B3A948A59}"
EndProject
Project("{FAE04EC0-301F-11D3-BF4B-00C04F79EFBC}") = "LibInstance", "InstanceStarter\LibInstance\LibInstance.csproj", "{B593B039-6F1B-4C99-8F70-47A3D1E30060}"
EndProject
Project("{FAE04EC0-301F-11D3-BF4B-00C04F79EFBC}") = "LibProcessLog", "LibProcessLog\LibProcessLog.csproj", "{1980529D-82DF-40F1-B20E-A8DD1704D446}"
EndProject
Project("{FAE04EC0-301F-11D3-BF4B-00C04F79EFBC}") = "LibHttpClient", "LibHttpClient\LibHttpClient.csproj", "{66B20361-0237-4209-B49B-2BA6B0175301}"
EndProject
Project("{FAE04EC0-301F-11D3-BF4B-00C04F79EFBC}") = "AppStarter", "AppStarter\AppStarter.csproj", "{9FD0BA43-516A-4986-8F96-690C2B34AF9F}"
EndProject
Project("{FAE04EC0-301F-11D3-BF4B-00C04F79EFBC}") = "VideoFragmentManifestMaker", "VideoFragmentProcessing\VideoFragmentManifestMaker\VideoFragmentManifestMaker\VideoFragmentManifestMaker.csproj", "{6B1FA75C-D706-4AC3-8682-A31BC65E5FB8}"
EndProject
Project("{FAE04EC0-301F-11D3-BF4B-00C04F79EFBC}") = "LibExeCache", "LibExeCache\LibExeCache.csproj", "{6E575FBB-492B-4CBB-8777-2B57D3953D9B}"
EndProject
Project("{FAE04EC0-301F-11D3-BF4B-00C04F79EFBC}") = "LibRecordingConfig", "LibRecordingConfig\LibRecordingConfig.csproj", "{56857744-8574-4BFC-BAF5-0B7E7C25BB61}"
EndProject
Project("{FAE04EC0-301F-11D3-BF4B-00C04F79EFBC}") = "LibStarterModel", "LibStarterModel\LibStarterModel.csproj", "{FA4DD599-58D5-487A-9EE9-7C44A47D517C}"
EndProject
Project("{FAE04EC0-301F-11D3-BF4B-00C04F79EFBC}") = "LibDataUploader", "VideoFragmentProcessing\LibDataUploader\LibDataUploader.csproj", "{DC287616-A413-4205-87F9-7C8F23546A7E}"
EndProject
Project("{FAE04EC0-301F-11D3-BF4B-00C04F79EFBC}") = "LibVideoFragmentManifest", "VideoFragmentProcessing\LibVideoFragmentManifest\LibVideoFragmentManifest\LibVideoFragmentManifest.csproj", "{64D22C58-6E9F-4D21-BF0A-0A13B67FF5D6}"
EndProject
Project("{FAE04EC0-301F-11D3-BF4B-00C04F79EFBC}") = "LibVLC.NET", "VideoFragmentProcessing\VLCEventDetector\LibVLC.NET\LibVLC.NET.csproj", "{BB06DFF7-4F41-4B9D-A3C3-3B6D2B8702B6}"
EndProject
Project("{FAE04EC0-301F-11D3-BF4B-00C04F79EFBC}") = "AppStarterScript", "AppStarterScript\AppStarterScript.csproj", "{458251F7-99CE-486E-A3DF-852F1E4040FA}"
EndProject
Project("{FAE04EC0-301F-11D3-BF4B-00C04F79EFBC}") = "GloVis.Site", "Www\GloVis.Site.csproj", "{7EC4152B-1126-4F84-8FBA-AC96ED2130E1}"
	ProjectSection(ProjectDependencies) = postProject
		{6B1FA75C-D706-4AC3-8682-A31BC65E5FB8} = {6B1FA75C-D706-4AC3-8682-A31BC65E5FB8}
		{458251F7-99CE-486E-A3DF-852F1E4040FA} = {458251F7-99CE-486E-A3DF-852F1E4040FA}
	EndProjectSection
EndProject
Project("{FAE04EC0-301F-11D3-BF4B-00C04F79EFBC}") = "GloVis.VM", "Www\GloVis.VM.csproj", "{5DB8AD2F-612F-464A-8139-DAC4A4253015}"
	ProjectSection(ProjectDependencies) = postProject
		{6B1FA75C-D706-4AC3-8682-A31BC65E5FB8} = {6B1FA75C-D706-4AC3-8682-A31BC65E5FB8}
		{458251F7-99CE-486E-A3DF-852F1E4040FA} = {458251F7-99CE-486E-A3DF-852F1E4040FA}
	EndProjectSection
EndProject
Project("{FAE04EC0-301F-11D3-BF4B-00C04F79EFBC}") = "LibEventDetector", "VideoFragmentProcessing\VLCEventDetector\EventDetector\LibEventDetector.csproj", "{94A9E0EB-10AD-453E-84DC-66C0DFECC8B4}"
EndProject
Project("{FAE04EC0-301F-11D3-BF4B-00C04F79EFBC}") = "S3Uploader", "VideoFragmentProcessing\S3Uploader\S3Uploader.csproj", "{DD504F6F-8443-46EB-BD4A-455453790B4F}"
EndProject
Project("{FAE04EC0-301F-11D3-BF4B-00C04F79EFBC}") = "SleepTime", "VideoFragmentProcessing\Sleep\SleepTime.csproj", "{EE767300-90B0-4C6D-823A-792203B333F8}"
EndProject
Project("{FAE04EC0-301F-11D3-BF4B-00C04F79EFBC}") = "YouTubeUploader", "VideoFragmentProcessing\YouTubeUploader\YouTubeUploader.csproj", "{AA5D1585-D264-4ACD-AACD-4905B47A114B}"
EndProject
Project("{FAE04EC0-301F-11D3-BF4B-00C04F79EFBC}") = "EventDetector", "VideoFragmentProcessing\VLCEventDetector\Tests\TestPresentation\EventDetector.csproj", "{6EFA517C-BCD3-422E-BE10-9960D5AEDBF7}"
EndProject
Project("{FAE04EC0-301F-11D3-BF4B-00C04F79EFBC}") = "LibVLC.NET.Presentation", "VideoFragmentProcessing\VLCEventDetector\LibVLC.NET.Presentation\LibVLC.NET.Presentation.csproj", "{6757603C-3613-4CD6-86CC-5A25CF023CFA}"
EndProject
Project("{FAE04EC0-301F-11D3-BF4B-00C04F79EFBC}") = "SendVideoData", "SendVideoData\Sender\SendVideoData.csproj", "{BA37E895-6976-4803-A06A-358BCE610285}"
EndProject
Project("{FAE04EC0-301F-11D3-BF4B-00C04F79EFBC}") = "LibAppStarter", "LibAppStarter\LibAppStarter\LibAppStarter.csproj", "{87686C4F-03B2-491A-A112-D4A1ECA0944D}"
EndProject
Project("{FAE04EC0-301F-11D3-BF4B-00C04F79EFBC}") = "Twitter", "Twitter\Twitter.csproj", "{37538DD6-A791-48CD-8003-D0F4EFB7D596}"
EndProject
Global
	GlobalSection(SolutionConfigurationPlatforms) = preSolution
		Debug|Any CPU = Debug|Any CPU
		Debug|Mixed Platforms = Debug|Mixed Platforms
		Debug|x64 = Debug|x64
		Debug|x86 = Debug|x86
		Release|Any CPU = Release|Any CPU
		Release|Mixed Platforms = Release|Mixed Platforms
		Release|x64 = Release|x64
		Release|x86 = Release|x86
	EndGlobalSection
	GlobalSection(ProjectConfigurationPlatforms) = postSolution
		{933175CA-9ABC-4E18-84C0-541B3A948A59}.Debug|Any CPU.ActiveCfg = Debug|Any CPU
		{933175CA-9ABC-4E18-84C0-541B3A948A59}.Debug|Any CPU.Build.0 = Debug|Any CPU
		{933175CA-9ABC-4E18-84C0-541B3A948A59}.Debug|Mixed Platforms.ActiveCfg = Debug|x86
		{933175CA-9ABC-4E18-84C0-541B3A948A59}.Debug|Mixed Platforms.Build.0 = Debug|x86
		{933175CA-9ABC-4E18-84C0-541B3A948A59}.Debug|x64.ActiveCfg = Debug|x64
		{933175CA-9ABC-4E18-84C0-541B3A948A59}.Debug|x64.Build.0 = Debug|x64
		{933175CA-9ABC-4E18-84C0-541B3A948A59}.Debug|x86.ActiveCfg = Debug|x86
		{933175CA-9ABC-4E18-84C0-541B3A948A59}.Debug|x86.Build.0 = Debug|x86
		{933175CA-9ABC-4E18-84C0-541B3A948A59}.Release|Any CPU.ActiveCfg = Release|Any CPU
		{933175CA-9ABC-4E18-84C0-541B3A948A59}.Release|Any CPU.Build.0 = Release|Any CPU
		{933175CA-9ABC-4E18-84C0-541B3A948A59}.Release|Mixed Platforms.ActiveCfg = Release|x86
		{933175CA-9ABC-4E18-84C0-541B3A948A59}.Release|Mixed Platforms.Build.0 = Release|x86
		{933175CA-9ABC-4E18-84C0-541B3A948A59}.Release|x64.ActiveCfg = Release|x64
		{933175CA-9ABC-4E18-84C0-541B3A948A59}.Release|x64.Build.0 = Release|x64
		{933175CA-9ABC-4E18-84C0-541B3A948A59}.Release|x86.ActiveCfg = Release|x86
		{933175CA-9ABC-4E18-84C0-541B3A948A59}.Release|x86.Build.0 = Release|x86
		{B593B039-6F1B-4C99-8F70-47A3D1E30060}.Debug|Any CPU.ActiveCfg = Debug|Any CPU
		{B593B039-6F1B-4C99-8F70-47A3D1E30060}.Debug|Any CPU.Build.0 = Debug|Any CPU
		{B593B039-6F1B-4C99-8F70-47A3D1E30060}.Debug|Mixed Platforms.ActiveCfg = Debug|x86
		{B593B039-6F1B-4C99-8F70-47A3D1E30060}.Debug|Mixed Platforms.Build.0 = Debug|x86
		{B593B039-6F1B-4C99-8F70-47A3D1E30060}.Debug|x64.ActiveCfg = Debug|x64
		{B593B039-6F1B-4C99-8F70-47A3D1E30060}.Debug|x64.Build.0 = Debug|x64
		{B593B039-6F1B-4C99-8F70-47A3D1E30060}.Debug|x86.ActiveCfg = Debug|x86
		{B593B039-6F1B-4C99-8F70-47A3D1E30060}.Debug|x86.Build.0 = Debug|x86
		{B593B039-6F1B-4C99-8F70-47A3D1E30060}.Release|Any CPU.ActiveCfg = Release|Any CPU
		{B593B039-6F1B-4C99-8F70-47A3D1E30060}.Release|Any CPU.Build.0 = Release|Any CPU
		{B593B039-6F1B-4C99-8F70-47A3D1E30060}.Release|Mixed Platforms.ActiveCfg = Release|x86
		{B593B039-6F1B-4C99-8F70-47A3D1E30060}.Release|Mixed Platforms.Build.0 = Release|x86
		{B593B039-6F1B-4C99-8F70-47A3D1E30060}.Release|x64.ActiveCfg = Release|x64
		{B593B039-6F1B-4C99-8F70-47A3D1E30060}.Release|x64.Build.0 = Release|x64
		{B593B039-6F1B-4C99-8F70-47A3D1E30060}.Release|x86.ActiveCfg = Release|x86
		{B593B039-6F1B-4C99-8F70-47A3D1E30060}.Release|x86.Build.0 = Release|x86
		{1980529D-82DF-40F1-B20E-A8DD1704D446}.Debug|Any CPU.ActiveCfg = Debug|Any CPU
		{1980529D-82DF-40F1-B20E-A8DD1704D446}.Debug|Any CPU.Build.0 = Debug|Any CPU
		{1980529D-82DF-40F1-B20E-A8DD1704D446}.Debug|Mixed Platforms.ActiveCfg = Debug|x86
		{1980529D-82DF-40F1-B20E-A8DD1704D446}.Debug|Mixed Platforms.Build.0 = Debug|x86
		{1980529D-82DF-40F1-B20E-A8DD1704D446}.Debug|x64.ActiveCfg = Debug|x64
		{1980529D-82DF-40F1-B20E-A8DD1704D446}.Debug|x64.Build.0 = Debug|x64
		{1980529D-82DF-40F1-B20E-A8DD1704D446}.Debug|x86.ActiveCfg = Debug|x86
		{1980529D-82DF-40F1-B20E-A8DD1704D446}.Debug|x86.Build.0 = Debug|x86
		{1980529D-82DF-40F1-B20E-A8DD1704D446}.Release|Any CPU.ActiveCfg = Release|Any CPU
		{1980529D-82DF-40F1-B20E-A8DD1704D446}.Release|Any CPU.Build.0 = Release|Any CPU
		{1980529D-82DF-40F1-B20E-A8DD1704D446}.Release|Mixed Platforms.ActiveCfg = Release|x86
		{1980529D-82DF-40F1-B20E-A8DD1704D446}.Release|Mixed Platforms.Build.0 = Release|x86
		{1980529D-82DF-40F1-B20E-A8DD1704D446}.Release|x64.ActiveCfg = Release|x64
		{1980529D-82DF-40F1-B20E-A8DD1704D446}.Release|x64.Build.0 = Release|x64
		{1980529D-82DF-40F1-B20E-A8DD1704D446}.Release|x86.ActiveCfg = Release|x86
		{1980529D-82DF-40F1-B20E-A8DD1704D446}.Release|x86.Build.0 = Release|x86
		{66B20361-0237-4209-B49B-2BA6B0175301}.Debug|Any CPU.ActiveCfg = Debug|Any CPU
		{66B20361-0237-4209-B49B-2BA6B0175301}.Debug|Any CPU.Build.0 = Debug|Any CPU
		{66B20361-0237-4209-B49B-2BA6B0175301}.Debug|Mixed Platforms.ActiveCfg = Debug|x86
		{66B20361-0237-4209-B49B-2BA6B0175301}.Debug|Mixed Platforms.Build.0 = Debug|x86
		{66B20361-0237-4209-B49B-2BA6B0175301}.Debug|x64.ActiveCfg = Debug|x64
		{66B20361-0237-4209-B49B-2BA6B0175301}.Debug|x64.Build.0 = Debug|x64
		{66B20361-0237-4209-B49B-2BA6B0175301}.Debug|x86.ActiveCfg = Debug|x86
		{66B20361-0237-4209-B49B-2BA6B0175301}.Debug|x86.Build.0 = Debug|x86
		{66B20361-0237-4209-B49B-2BA6B0175301}.Release|Any CPU.ActiveCfg = Release|Any CPU
		{66B20361-0237-4209-B49B-2BA6B0175301}.Release|Any CPU.Build.0 = Release|Any CPU
		{66B20361-0237-4209-B49B-2BA6B0175301}.Release|Mixed Platforms.ActiveCfg = Release|x86
		{66B20361-0237-4209-B49B-2BA6B0175301}.Release|Mixed Platforms.Build.0 = Release|x86
		{66B20361-0237-4209-B49B-2BA6B0175301}.Release|x64.ActiveCfg = Release|x64
		{66B20361-0237-4209-B49B-2BA6B0175301}.Release|x64.Build.0 = Release|x64
		{66B20361-0237-4209-B49B-2BA6B0175301}.Release|x86.ActiveCfg = Release|x86
		{66B20361-0237-4209-B49B-2BA6B0175301}.Release|x86.Build.0 = Release|x86
		{9FD0BA43-516A-4986-8F96-690C2B34AF9F}.Debug|Any CPU.ActiveCfg = Debug|Any CPU
		{9FD0BA43-516A-4986-8F96-690C2B34AF9F}.Debug|Any CPU.Build.0 = Debug|Any CPU
		{9FD0BA43-516A-4986-8F96-690C2B34AF9F}.Debug|Mixed Platforms.ActiveCfg = Debug|x86
		{9FD0BA43-516A-4986-8F96-690C2B34AF9F}.Debug|Mixed Platforms.Build.0 = Debug|x86
		{9FD0BA43-516A-4986-8F96-690C2B34AF9F}.Debug|x64.ActiveCfg = Debug|x64
		{9FD0BA43-516A-4986-8F96-690C2B34AF9F}.Debug|x64.Build.0 = Debug|x64
		{9FD0BA43-516A-4986-8F96-690C2B34AF9F}.Debug|x86.ActiveCfg = Debug|x86
		{9FD0BA43-516A-4986-8F96-690C2B34AF9F}.Debug|x86.Build.0 = Debug|x86
		{9FD0BA43-516A-4986-8F96-690C2B34AF9F}.Release|Any CPU.ActiveCfg = Release|Any CPU
		{9FD0BA43-516A-4986-8F96-690C2B34AF9F}.Release|Any CPU.Build.0 = Release|Any CPU
		{9FD0BA43-516A-4986-8F96-690C2B34AF9F}.Release|Mixed Platforms.ActiveCfg = Release|x86
		{9FD0BA43-516A-4986-8F96-690C2B34AF9F}.Release|Mixed Platforms.Build.0 = Release|x86
		{9FD0BA43-516A-4986-8F96-690C2B34AF9F}.Release|x64.ActiveCfg = Release|x64
		{9FD0BA43-516A-4986-8F96-690C2B34AF9F}.Release|x64.Build.0 = Release|x64
		{9FD0BA43-516A-4986-8F96-690C2B34AF9F}.Release|x86.ActiveCfg = Release|x86
		{9FD0BA43-516A-4986-8F96-690C2B34AF9F}.Release|x86.Build.0 = Release|x86
		{6B1FA75C-D706-4AC3-8682-A31BC65E5FB8}.Debug|Any CPU.ActiveCfg = Debug|x86
		{6B1FA75C-D706-4AC3-8682-A31BC65E5FB8}.Debug|Mixed Platforms.ActiveCfg = Debug|x86
		{6B1FA75C-D706-4AC3-8682-A31BC65E5FB8}.Debug|Mixed Platforms.Build.0 = Debug|x86
		{6B1FA75C-D706-4AC3-8682-A31BC65E5FB8}.Debug|x64.ActiveCfg = Debug|x64
		{6B1FA75C-D706-4AC3-8682-A31BC65E5FB8}.Debug|x64.Build.0 = Debug|x64
		{6B1FA75C-D706-4AC3-8682-A31BC65E5FB8}.Debug|x86.ActiveCfg = Debug|x86
		{6B1FA75C-D706-4AC3-8682-A31BC65E5FB8}.Debug|x86.Build.0 = Debug|x86
		{6B1FA75C-D706-4AC3-8682-A31BC65E5FB8}.Release|Any CPU.ActiveCfg = Release|x86
		{6B1FA75C-D706-4AC3-8682-A31BC65E5FB8}.Release|Mixed Platforms.ActiveCfg = Release|x86
		{6B1FA75C-D706-4AC3-8682-A31BC65E5FB8}.Release|Mixed Platforms.Build.0 = Release|x86
		{6B1FA75C-D706-4AC3-8682-A31BC65E5FB8}.Release|x64.ActiveCfg = Release|x64
		{6B1FA75C-D706-4AC3-8682-A31BC65E5FB8}.Release|x64.Build.0 = Release|x64
		{6B1FA75C-D706-4AC3-8682-A31BC65E5FB8}.Release|x86.ActiveCfg = Release|x86
		{6B1FA75C-D706-4AC3-8682-A31BC65E5FB8}.Release|x86.Build.0 = Release|x86
		{6E575FBB-492B-4CBB-8777-2B57D3953D9B}.Debug|Any CPU.ActiveCfg = Debug|Any CPU
		{6E575FBB-492B-4CBB-8777-2B57D3953D9B}.Debug|Any CPU.Build.0 = Debug|Any CPU
		{6E575FBB-492B-4CBB-8777-2B57D3953D9B}.Debug|Mixed Platforms.ActiveCfg = Debug|x86
		{6E575FBB-492B-4CBB-8777-2B57D3953D9B}.Debug|Mixed Platforms.Build.0 = Debug|x86
		{6E575FBB-492B-4CBB-8777-2B57D3953D9B}.Debug|x64.ActiveCfg = Debug|x64
		{6E575FBB-492B-4CBB-8777-2B57D3953D9B}.Debug|x64.Build.0 = Debug|x64
		{6E575FBB-492B-4CBB-8777-2B57D3953D9B}.Debug|x86.ActiveCfg = Debug|x86
		{6E575FBB-492B-4CBB-8777-2B57D3953D9B}.Debug|x86.Build.0 = Debug|x86
		{6E575FBB-492B-4CBB-8777-2B57D3953D9B}.Release|Any CPU.ActiveCfg = Release|Any CPU
		{6E575FBB-492B-4CBB-8777-2B57D3953D9B}.Release|Any CPU.Build.0 = Release|Any CPU
		{6E575FBB-492B-4CBB-8777-2B57D3953D9B}.Release|Mixed Platforms.ActiveCfg = Release|x86
		{6E575FBB-492B-4CBB-8777-2B57D3953D9B}.Release|Mixed Platforms.Build.0 = Release|x86
		{6E575FBB-492B-4CBB-8777-2B57D3953D9B}.Release|x64.ActiveCfg = Release|x64
		{6E575FBB-492B-4CBB-8777-2B57D3953D9B}.Release|x64.Build.0 = Release|x64
		{6E575FBB-492B-4CBB-8777-2B57D3953D9B}.Release|x86.ActiveCfg = Release|x86
		{6E575FBB-492B-4CBB-8777-2B57D3953D9B}.Release|x86.Build.0 = Release|x86
		{56857744-8574-4BFC-BAF5-0B7E7C25BB61}.Debug|Any CPU.ActiveCfg = Debug|Any CPU
		{56857744-8574-4BFC-BAF5-0B7E7C25BB61}.Debug|Any CPU.Build.0 = Debug|Any CPU
		{56857744-8574-4BFC-BAF5-0B7E7C25BB61}.Debug|Mixed Platforms.ActiveCfg = Debug|x86
		{56857744-8574-4BFC-BAF5-0B7E7C25BB61}.Debug|Mixed Platforms.Build.0 = Debug|x86
		{56857744-8574-4BFC-BAF5-0B7E7C25BB61}.Debug|x64.ActiveCfg = Debug|x64
		{56857744-8574-4BFC-BAF5-0B7E7C25BB61}.Debug|x64.Build.0 = Debug|x64
		{56857744-8574-4BFC-BAF5-0B7E7C25BB61}.Debug|x86.ActiveCfg = Debug|x86
		{56857744-8574-4BFC-BAF5-0B7E7C25BB61}.Debug|x86.Build.0 = Debug|x86
		{56857744-8574-4BFC-BAF5-0B7E7C25BB61}.Release|Any CPU.ActiveCfg = Release|Any CPU
		{56857744-8574-4BFC-BAF5-0B7E7C25BB61}.Release|Any CPU.Build.0 = Release|Any CPU
		{56857744-8574-4BFC-BAF5-0B7E7C25BB61}.Release|Mixed Platforms.ActiveCfg = Release|x86
		{56857744-8574-4BFC-BAF5-0B7E7C25BB61}.Release|Mixed Platforms.Build.0 = Release|x86
		{56857744-8574-4BFC-BAF5-0B7E7C25BB61}.Release|x64.ActiveCfg = Release|x64
		{56857744-8574-4BFC-BAF5-0B7E7C25BB61}.Release|x64.Build.0 = Release|x64
		{56857744-8574-4BFC-BAF5-0B7E7C25BB61}.Release|x86.ActiveCfg = Release|x86
		{56857744-8574-4BFC-BAF5-0B7E7C25BB61}.Release|x86.Build.0 = Release|x86
		{FA4DD599-58D5-487A-9EE9-7C44A47D517C}.Debug|Any CPU.ActiveCfg = Debug|Any CPU
		{FA4DD599-58D5-487A-9EE9-7C44A47D517C}.Debug|Any CPU.Build.0 = Debug|Any CPU
		{FA4DD599-58D5-487A-9EE9-7C44A47D517C}.Debug|Mixed Platforms.ActiveCfg = Debug|x86
		{FA4DD599-58D5-487A-9EE9-7C44A47D517C}.Debug|Mixed Platforms.Build.0 = Debug|x86
		{FA4DD599-58D5-487A-9EE9-7C44A47D517C}.Debug|x64.ActiveCfg = Debug|x64
		{FA4DD599-58D5-487A-9EE9-7C44A47D517C}.Debug|x64.Build.0 = Debug|x64
		{FA4DD599-58D5-487A-9EE9-7C44A47D517C}.Debug|x86.ActiveCfg = Debug|x86
		{FA4DD599-58D5-487A-9EE9-7C44A47D517C}.Debug|x86.Build.0 = Debug|x86
		{FA4DD599-58D5-487A-9EE9-7C44A47D517C}.Release|Any CPU.ActiveCfg = Release|Any CPU
		{FA4DD599-58D5-487A-9EE9-7C44A47D517C}.Release|Any CPU.Build.0 = Release|Any CPU
		{FA4DD599-58D5-487A-9EE9-7C44A47D517C}.Release|Mixed Platforms.ActiveCfg = Release|x86
		{FA4DD599-58D5-487A-9EE9-7C44A47D517C}.Release|Mixed Platforms.Build.0 = Release|x86
		{FA4DD599-58D5-487A-9EE9-7C44A47D517C}.Release|x64.ActiveCfg = Release|x64
		{FA4DD599-58D5-487A-9EE9-7C44A47D517C}.Release|x64.Build.0 = Release|x64
		{FA4DD599-58D5-487A-9EE9-7C44A47D517C}.Release|x86.ActiveCfg = Release|x86
		{FA4DD599-58D5-487A-9EE9-7C44A47D517C}.Release|x86.Build.0 = Release|x86
		{DC287616-A413-4205-87F9-7C8F23546A7E}.Debug|Any CPU.ActiveCfg = Debug|Any CPU
		{DC287616-A413-4205-87F9-7C8F23546A7E}.Debug|Any CPU.Build.0 = Debug|Any CPU
		{DC287616-A413-4205-87F9-7C8F23546A7E}.Debug|Mixed Platforms.ActiveCfg = Debug|x86
		{DC287616-A413-4205-87F9-7C8F23546A7E}.Debug|Mixed Platforms.Build.0 = Debug|x86
		{DC287616-A413-4205-87F9-7C8F23546A7E}.Debug|x64.ActiveCfg = Debug|x64
		{DC287616-A413-4205-87F9-7C8F23546A7E}.Debug|x64.Build.0 = Debug|x64
		{DC287616-A413-4205-87F9-7C8F23546A7E}.Debug|x86.ActiveCfg = Debug|x86
		{DC287616-A413-4205-87F9-7C8F23546A7E}.Debug|x86.Build.0 = Debug|x86
		{DC287616-A413-4205-87F9-7C8F23546A7E}.Release|Any CPU.ActiveCfg = Release|Any CPU
		{DC287616-A413-4205-87F9-7C8F23546A7E}.Release|Any CPU.Build.0 = Release|Any CPU
		{DC287616-A413-4205-87F9-7C8F23546A7E}.Release|Mixed Platforms.ActiveCfg = Release|x86
		{DC287616-A413-4205-87F9-7C8F23546A7E}.Release|Mixed Platforms.Build.0 = Release|x86
		{DC287616-A413-4205-87F9-7C8F23546A7E}.Release|x64.ActiveCfg = Release|x64
		{DC287616-A413-4205-87F9-7C8F23546A7E}.Release|x64.Build.0 = Release|x64
		{DC287616-A413-4205-87F9-7C8F23546A7E}.Release|x86.ActiveCfg = Release|x86
		{DC287616-A413-4205-87F9-7C8F23546A7E}.Release|x86.Build.0 = Release|x86
		{64D22C58-6E9F-4D21-BF0A-0A13B67FF5D6}.Debug|Any CPU.ActiveCfg = Debug|Any CPU
		{64D22C58-6E9F-4D21-BF0A-0A13B67FF5D6}.Debug|Any CPU.Build.0 = Debug|Any CPU
		{64D22C58-6E9F-4D21-BF0A-0A13B67FF5D6}.Debug|Mixed Platforms.ActiveCfg = Debug|x86
		{64D22C58-6E9F-4D21-BF0A-0A13B67FF5D6}.Debug|Mixed Platforms.Build.0 = Debug|x86
		{64D22C58-6E9F-4D21-BF0A-0A13B67FF5D6}.Debug|x64.ActiveCfg = Debug|x64
		{64D22C58-6E9F-4D21-BF0A-0A13B67FF5D6}.Debug|x64.Build.0 = Debug|x64
		{64D22C58-6E9F-4D21-BF0A-0A13B67FF5D6}.Debug|x86.ActiveCfg = Debug|x86
		{64D22C58-6E9F-4D21-BF0A-0A13B67FF5D6}.Debug|x86.Build.0 = Debug|x86
		{64D22C58-6E9F-4D21-BF0A-0A13B67FF5D6}.Release|Any CPU.ActiveCfg = Release|Any CPU
		{64D22C58-6E9F-4D21-BF0A-0A13B67FF5D6}.Release|Any CPU.Build.0 = Release|Any CPU
		{64D22C58-6E9F-4D21-BF0A-0A13B67FF5D6}.Release|Mixed Platforms.ActiveCfg = Release|x86
		{64D22C58-6E9F-4D21-BF0A-0A13B67FF5D6}.Release|Mixed Platforms.Build.0 = Release|x86
		{64D22C58-6E9F-4D21-BF0A-0A13B67FF5D6}.Release|x64.ActiveCfg = Release|x64
		{64D22C58-6E9F-4D21-BF0A-0A13B67FF5D6}.Release|x64.Build.0 = Release|x64
		{64D22C58-6E9F-4D21-BF0A-0A13B67FF5D6}.Release|x86.ActiveCfg = Release|x86
		{64D22C58-6E9F-4D21-BF0A-0A13B67FF5D6}.Release|x86.Build.0 = Release|x86
		{BB06DFF7-4F41-4B9D-A3C3-3B6D2B8702B6}.Debug|Any CPU.ActiveCfg = Debug|x86
		{BB06DFF7-4F41-4B9D-A3C3-3B6D2B8702B6}.Debug|Mixed Platforms.ActiveCfg = Debug|x86
		{BB06DFF7-4F41-4B9D-A3C3-3B6D2B8702B6}.Debug|Mixed Platforms.Build.0 = Debug|x86
		{BB06DFF7-4F41-4B9D-A3C3-3B6D2B8702B6}.Debug|x64.ActiveCfg = Debug|x64
		{BB06DFF7-4F41-4B9D-A3C3-3B6D2B8702B6}.Debug|x64.Build.0 = Debug|x64
		{BB06DFF7-4F41-4B9D-A3C3-3B6D2B8702B6}.Debug|x86.ActiveCfg = Debug|x86
		{BB06DFF7-4F41-4B9D-A3C3-3B6D2B8702B6}.Debug|x86.Build.0 = Debug|x86
		{BB06DFF7-4F41-4B9D-A3C3-3B6D2B8702B6}.Release|Any CPU.ActiveCfg = Release|x86
		{BB06DFF7-4F41-4B9D-A3C3-3B6D2B8702B6}.Release|Mixed Platforms.ActiveCfg = Release|x86
		{BB06DFF7-4F41-4B9D-A3C3-3B6D2B8702B6}.Release|Mixed Platforms.Build.0 = Release|x86
		{BB06DFF7-4F41-4B9D-A3C3-3B6D2B8702B6}.Release|x64.ActiveCfg = Release|x64
		{BB06DFF7-4F41-4B9D-A3C3-3B6D2B8702B6}.Release|x64.Build.0 = Release|x64
		{BB06DFF7-4F41-4B9D-A3C3-3B6D2B8702B6}.Release|x86.ActiveCfg = Release|x86
		{BB06DFF7-4F41-4B9D-A3C3-3B6D2B8702B6}.Release|x86.Build.0 = Release|x86
		{458251F7-99CE-486E-A3DF-852F1E4040FA}.Debug|Any CPU.ActiveCfg = Debug|Any CPU
		{458251F7-99CE-486E-A3DF-852F1E4040FA}.Debug|Any CPU.Build.0 = Debug|Any CPU
		{458251F7-99CE-486E-A3DF-852F1E4040FA}.Debug|Mixed Platforms.ActiveCfg = Debug|x86
		{458251F7-99CE-486E-A3DF-852F1E4040FA}.Debug|Mixed Platforms.Build.0 = Debug|x86
		{458251F7-99CE-486E-A3DF-852F1E4040FA}.Debug|x64.ActiveCfg = Debug|x64
		{458251F7-99CE-486E-A3DF-852F1E4040FA}.Debug|x64.Build.0 = Debug|x64
		{458251F7-99CE-486E-A3DF-852F1E4040FA}.Debug|x86.ActiveCfg = Debug|x86
		{458251F7-99CE-486E-A3DF-852F1E4040FA}.Debug|x86.Build.0 = Debug|x86
		{458251F7-99CE-486E-A3DF-852F1E4040FA}.Release|Any CPU.ActiveCfg = Release|Any CPU
		{458251F7-99CE-486E-A3DF-852F1E4040FA}.Release|Any CPU.Build.0 = Release|Any CPU
		{458251F7-99CE-486E-A3DF-852F1E4040FA}.Release|Mixed Platforms.ActiveCfg = Release|x86
		{458251F7-99CE-486E-A3DF-852F1E4040FA}.Release|Mixed Platforms.Build.0 = Release|x86
		{458251F7-99CE-486E-A3DF-852F1E4040FA}.Release|x64.ActiveCfg = Release|x64
		{458251F7-99CE-486E-A3DF-852F1E4040FA}.Release|x64.Build.0 = Release|x64
		{458251F7-99CE-486E-A3DF-852F1E4040FA}.Release|x86.ActiveCfg = Release|x86
		{458251F7-99CE-486E-A3DF-852F1E4040FA}.Release|x86.Build.0 = Release|x86
		{7EC4152B-1126-4F84-8FBA-AC96ED2130E1}.Debug|Any CPU.ActiveCfg = Debug|Any CPU
		{7EC4152B-1126-4F84-8FBA-AC96ED2130E1}.Debug|Any CPU.Build.0 = Debug|Any CPU
		{7EC4152B-1126-4F84-8FBA-AC96ED2130E1}.Debug|Mixed Platforms.ActiveCfg = Debug|Any CPU
		{7EC4152B-1126-4F84-8FBA-AC96ED2130E1}.Debug|Mixed Platforms.Build.0 = Debug|Any CPU
		{7EC4152B-1126-4F84-8FBA-AC96ED2130E1}.Debug|x64.ActiveCfg = Debug|x64
		{7EC4152B-1126-4F84-8FBA-AC96ED2130E1}.Debug|x64.Build.0 = Debug|x64
		{7EC4152B-1126-4F84-8FBA-AC96ED2130E1}.Debug|x86.ActiveCfg = Debug|Any CPU
		{7EC4152B-1126-4F84-8FBA-AC96ED2130E1}.Debug|x86.Build.0 = Debug|Any CPU
		{7EC4152B-1126-4F84-8FBA-AC96ED2130E1}.Release|Any CPU.ActiveCfg = Release|Any CPU
		{7EC4152B-1126-4F84-8FBA-AC96ED2130E1}.Release|Any CPU.Build.0 = Release|Any CPU
		{7EC4152B-1126-4F84-8FBA-AC96ED2130E1}.Release|Mixed Platforms.ActiveCfg = Release|Any CPU
		{7EC4152B-1126-4F84-8FBA-AC96ED2130E1}.Release|Mixed Platforms.Build.0 = Release|Any CPU
		{7EC4152B-1126-4F84-8FBA-AC96ED2130E1}.Release|x64.ActiveCfg = Release|x64
		{7EC4152B-1126-4F84-8FBA-AC96ED2130E1}.Release|x64.Build.0 = Release|x64
		{7EC4152B-1126-4F84-8FBA-AC96ED2130E1}.Release|x86.ActiveCfg = Release|Any CPU
		{7EC4152B-1126-4F84-8FBA-AC96ED2130E1}.Release|x86.Build.0 = Release|Any CPU
		{5DB8AD2F-612F-464A-8139-DAC4A4253015}.Debug|Any CPU.ActiveCfg = Debug|Any CPU
		{5DB8AD2F-612F-464A-8139-DAC4A4253015}.Debug|Any CPU.Build.0 = Debug|Any CPU
		{5DB8AD2F-612F-464A-8139-DAC4A4253015}.Debug|Mixed Platforms.ActiveCfg = Debug|Any CPU
		{5DB8AD2F-612F-464A-8139-DAC4A4253015}.Debug|Mixed Platforms.Build.0 = Debug|Any CPU
		{5DB8AD2F-612F-464A-8139-DAC4A4253015}.Debug|x64.ActiveCfg = Debug|x64
		{5DB8AD2F-612F-464A-8139-DAC4A4253015}.Debug|x64.Build.0 = Debug|x64
		{5DB8AD2F-612F-464A-8139-DAC4A4253015}.Debug|x86.ActiveCfg = Debug|Any CPU
		{5DB8AD2F-612F-464A-8139-DAC4A4253015}.Debug|x86.Build.0 = Debug|Any CPU
		{5DB8AD2F-612F-464A-8139-DAC4A4253015}.Release|Any CPU.ActiveCfg = Release|Any CPU
		{5DB8AD2F-612F-464A-8139-DAC4A4253015}.Release|Any CPU.Build.0 = Release|Any CPU
		{5DB8AD2F-612F-464A-8139-DAC4A4253015}.Release|Mixed Platforms.ActiveCfg = Release|Any CPU
		{5DB8AD2F-612F-464A-8139-DAC4A4253015}.Release|Mixed Platforms.Build.0 = Release|Any CPU
		{5DB8AD2F-612F-464A-8139-DAC4A4253015}.Release|x64.ActiveCfg = Release|x64
		{5DB8AD2F-612F-464A-8139-DAC4A4253015}.Release|x64.Build.0 = Release|x64
		{5DB8AD2F-612F-464A-8139-DAC4A4253015}.Release|x86.ActiveCfg = Release|Any CPU
		{5DB8AD2F-612F-464A-8139-DAC4A4253015}.Release|x86.Build.0 = Release|Any CPU
		{94A9E0EB-10AD-453E-84DC-66C0DFECC8B4}.Debug|Any CPU.ActiveCfg = Debug|Any CPU
		{94A9E0EB-10AD-453E-84DC-66C0DFECC8B4}.Debug|Any CPU.Build.0 = Debug|Any CPU
		{94A9E0EB-10AD-453E-84DC-66C0DFECC8B4}.Debug|Mixed Platforms.ActiveCfg = Debug|x86
		{94A9E0EB-10AD-453E-84DC-66C0DFECC8B4}.Debug|Mixed Platforms.Build.0 = Debug|x86
		{94A9E0EB-10AD-453E-84DC-66C0DFECC8B4}.Debug|x64.ActiveCfg = Debug|x64
		{94A9E0EB-10AD-453E-84DC-66C0DFECC8B4}.Debug|x64.Build.0 = Debug|x64
		{94A9E0EB-10AD-453E-84DC-66C0DFECC8B4}.Debug|x86.ActiveCfg = Debug|x86
		{94A9E0EB-10AD-453E-84DC-66C0DFECC8B4}.Debug|x86.Build.0 = Debug|x86
		{94A9E0EB-10AD-453E-84DC-66C0DFECC8B4}.Release|Any CPU.ActiveCfg = Release|Any CPU
		{94A9E0EB-10AD-453E-84DC-66C0DFECC8B4}.Release|Any CPU.Build.0 = Release|Any CPU
		{94A9E0EB-10AD-453E-84DC-66C0DFECC8B4}.Release|Mixed Platforms.ActiveCfg = Release|x86
		{94A9E0EB-10AD-453E-84DC-66C0DFECC8B4}.Release|Mixed Platforms.Build.0 = Release|x86
		{94A9E0EB-10AD-453E-84DC-66C0DFECC8B4}.Release|x64.ActiveCfg = Release|x64
		{94A9E0EB-10AD-453E-84DC-66C0DFECC8B4}.Release|x64.Build.0 = Release|x64
		{94A9E0EB-10AD-453E-84DC-66C0DFECC8B4}.Release|x86.ActiveCfg = Release|x86
		{94A9E0EB-10AD-453E-84DC-66C0DFECC8B4}.Release|x86.Build.0 = Release|x86
		{DD504F6F-8443-46EB-BD4A-455453790B4F}.Debug|Any CPU.ActiveCfg = Debug|x86
		{DD504F6F-8443-46EB-BD4A-455453790B4F}.Debug|Mixed Platforms.ActiveCfg = Debug|x86
		{DD504F6F-8443-46EB-BD4A-455453790B4F}.Debug|Mixed Platforms.Build.0 = Debug|x86
		{DD504F6F-8443-46EB-BD4A-455453790B4F}.Debug|x64.ActiveCfg = Debug|x64
		{DD504F6F-8443-46EB-BD4A-455453790B4F}.Debug|x64.Build.0 = Debug|x64
		{DD504F6F-8443-46EB-BD4A-455453790B4F}.Debug|x86.ActiveCfg = Debug|x86
		{DD504F6F-8443-46EB-BD4A-455453790B4F}.Debug|x86.Build.0 = Debug|x86
		{DD504F6F-8443-46EB-BD4A-455453790B4F}.Release|Any CPU.ActiveCfg = Release|x86
		{DD504F6F-8443-46EB-BD4A-455453790B4F}.Release|Mixed Platforms.ActiveCfg = Release|x86
		{DD504F6F-8443-46EB-BD4A-455453790B4F}.Release|Mixed Platforms.Build.0 = Release|x86
		{DD504F6F-8443-46EB-BD4A-455453790B4F}.Release|x64.ActiveCfg = Release|x64
		{DD504F6F-8443-46EB-BD4A-455453790B4F}.Release|x64.Build.0 = Release|x64
		{DD504F6F-8443-46EB-BD4A-455453790B4F}.Release|x86.ActiveCfg = Release|x86
		{DD504F6F-8443-46EB-BD4A-455453790B4F}.Release|x86.Build.0 = Release|x86
		{EE767300-90B0-4C6D-823A-792203B333F8}.Debug|Any CPU.ActiveCfg = Debug|x86
		{EE767300-90B0-4C6D-823A-792203B333F8}.Debug|Mixed Platforms.ActiveCfg = Debug|x86
		{EE767300-90B0-4C6D-823A-792203B333F8}.Debug|Mixed Platforms.Build.0 = Debug|x86
		{EE767300-90B0-4C6D-823A-792203B333F8}.Debug|x64.ActiveCfg = Debug|x64
		{EE767300-90B0-4C6D-823A-792203B333F8}.Debug|x64.Build.0 = Debug|x64
		{EE767300-90B0-4C6D-823A-792203B333F8}.Debug|x86.ActiveCfg = Debug|x86
		{EE767300-90B0-4C6D-823A-792203B333F8}.Debug|x86.Build.0 = Debug|x86
		{EE767300-90B0-4C6D-823A-792203B333F8}.Release|Any CPU.ActiveCfg = Release|x86
		{EE767300-90B0-4C6D-823A-792203B333F8}.Release|Mixed Platforms.ActiveCfg = Release|x86
		{EE767300-90B0-4C6D-823A-792203B333F8}.Release|Mixed Platforms.Build.0 = Release|x86
		{EE767300-90B0-4C6D-823A-792203B333F8}.Release|x64.ActiveCfg = Release|x64
		{EE767300-90B0-4C6D-823A-792203B333F8}.Release|x64.Build.0 = Release|x64
		{EE767300-90B0-4C6D-823A-792203B333F8}.Release|x86.ActiveCfg = Release|x86
		{EE767300-90B0-4C6D-823A-792203B333F8}.Release|x86.Build.0 = Release|x86
		{AA5D1585-D264-4ACD-AACD-4905B47A114B}.Debug|Any CPU.ActiveCfg = Debug|x86
		{AA5D1585-D264-4ACD-AACD-4905B47A114B}.Debug|Mixed Platforms.ActiveCfg = Debug|x86
		{AA5D1585-D264-4ACD-AACD-4905B47A114B}.Debug|Mixed Platforms.Build.0 = Debug|x86
		{AA5D1585-D264-4ACD-AACD-4905B47A114B}.Debug|x64.ActiveCfg = Debug|x64
		{AA5D1585-D264-4ACD-AACD-4905B47A114B}.Debug|x64.Build.0 = Debug|x64
		{AA5D1585-D264-4ACD-AACD-4905B47A114B}.Debug|x86.ActiveCfg = Debug|x86
		{AA5D1585-D264-4ACD-AACD-4905B47A114B}.Debug|x86.Build.0 = Debug|x86
		{AA5D1585-D264-4ACD-AACD-4905B47A114B}.Release|Any CPU.ActiveCfg = Release|x86
		{AA5D1585-D264-4ACD-AACD-4905B47A114B}.Release|Mixed Platforms.ActiveCfg = Release|x86
		{AA5D1585-D264-4ACD-AACD-4905B47A114B}.Release|Mixed Platforms.Build.0 = Release|x86
		{AA5D1585-D264-4ACD-AACD-4905B47A114B}.Release|x64.ActiveCfg = Release|x64
		{AA5D1585-D264-4ACD-AACD-4905B47A114B}.Release|x64.Build.0 = Release|x64
		{AA5D1585-D264-4ACD-AACD-4905B47A114B}.Release|x86.ActiveCfg = Release|x86
		{AA5D1585-D264-4ACD-AACD-4905B47A114B}.Release|x86.Build.0 = Release|x86
		{6EFA517C-BCD3-422E-BE10-9960D5AEDBF7}.Debug|Any CPU.ActiveCfg = Debug|x86
		{6EFA517C-BCD3-422E-BE10-9960D5AEDBF7}.Debug|Mixed Platforms.ActiveCfg = Debug|x86
		{6EFA517C-BCD3-422E-BE10-9960D5AEDBF7}.Debug|Mixed Platforms.Build.0 = Debug|x86
		{6EFA517C-BCD3-422E-BE10-9960D5AEDBF7}.Debug|x64.ActiveCfg = Debug|x64
		{6EFA517C-BCD3-422E-BE10-9960D5AEDBF7}.Debug|x64.Build.0 = Debug|x64
		{6EFA517C-BCD3-422E-BE10-9960D5AEDBF7}.Debug|x86.ActiveCfg = Debug|x86
		{6EFA517C-BCD3-422E-BE10-9960D5AEDBF7}.Debug|x86.Build.0 = Debug|x86
		{6EFA517C-BCD3-422E-BE10-9960D5AEDBF7}.Release|Any CPU.ActiveCfg = Release|x86
		{6EFA517C-BCD3-422E-BE10-9960D5AEDBF7}.Release|Mixed Platforms.ActiveCfg = Release|x86
		{6EFA517C-BCD3-422E-BE10-9960D5AEDBF7}.Release|Mixed Platforms.Build.0 = Release|x86
		{6EFA517C-BCD3-422E-BE10-9960D5AEDBF7}.Release|x64.ActiveCfg = Release|x64
		{6EFA517C-BCD3-422E-BE10-9960D5AEDBF7}.Release|x64.Build.0 = Release|x64
		{6EFA517C-BCD3-422E-BE10-9960D5AEDBF7}.Release|x86.ActiveCfg = Release|x86
		{6EFA517C-BCD3-422E-BE10-9960D5AEDBF7}.Release|x86.Build.0 = Release|x86
		{6757603C-3613-4CD6-86CC-5A25CF023CFA}.Debug|Any CPU.ActiveCfg = Debug|Any CPU
		{6757603C-3613-4CD6-86CC-5A25CF023CFA}.Debug|Any CPU.Build.0 = Debug|Any CPU
		{6757603C-3613-4CD6-86CC-5A25CF023CFA}.Debug|Mixed Platforms.ActiveCfg = Debug|x86
		{6757603C-3613-4CD6-86CC-5A25CF023CFA}.Debug|Mixed Platforms.Build.0 = Debug|x86
		{6757603C-3613-4CD6-86CC-5A25CF023CFA}.Debug|x64.ActiveCfg = Debug|x64
		{6757603C-3613-4CD6-86CC-5A25CF023CFA}.Debug|x64.Build.0 = Debug|x64
		{6757603C-3613-4CD6-86CC-5A25CF023CFA}.Debug|x86.ActiveCfg = Debug|x86
		{6757603C-3613-4CD6-86CC-5A25CF023CFA}.Debug|x86.Build.0 = Debug|x86
		{6757603C-3613-4CD6-86CC-5A25CF023CFA}.Release|Any CPU.ActiveCfg = Release|Any CPU
		{6757603C-3613-4CD6-86CC-5A25CF023CFA}.Release|Any CPU.Build.0 = Release|Any CPU
		{6757603C-3613-4CD6-86CC-5A25CF023CFA}.Release|Mixed Platforms.ActiveCfg = Release|x86
		{6757603C-3613-4CD6-86CC-5A25CF023CFA}.Release|Mixed Platforms.Build.0 = Release|x86
		{6757603C-3613-4CD6-86CC-5A25CF023CFA}.Release|x64.ActiveCfg = Release|x64
		{6757603C-3613-4CD6-86CC-5A25CF023CFA}.Release|x64.Build.0 = Release|x64
		{6757603C-3613-4CD6-86CC-5A25CF023CFA}.Release|x86.ActiveCfg = Release|x86
		{6757603C-3613-4CD6-86CC-5A25CF023CFA}.Release|x86.Build.0 = Release|x86
		{BA37E895-6976-4803-A06A-358BCE610285}.Debug|Any CPU.ActiveCfg = Debug|x86
		{BA37E895-6976-4803-A06A-358BCE610285}.Debug|Mixed Platforms.ActiveCfg = Debug|x86
		{BA37E895-6976-4803-A06A-358BCE610285}.Debug|Mixed Platforms.Build.0 = Debug|x86
		{BA37E895-6976-4803-A06A-358BCE610285}.Debug|x64.ActiveCfg = Debug|x86
		{BA37E895-6976-4803-A06A-358BCE610285}.Debug|x86.ActiveCfg = Debug|x86
		{BA37E895-6976-4803-A06A-358BCE610285}.Debug|x86.Build.0 = Debug|x86
		{BA37E895-6976-4803-A06A-358BCE610285}.Release|Any CPU.ActiveCfg = Release|x86
		{BA37E895-6976-4803-A06A-358BCE610285}.Release|Mixed Platforms.ActiveCfg = Release|x86
		{BA37E895-6976-4803-A06A-358BCE610285}.Release|Mixed Platforms.Build.0 = Release|x86
		{BA37E895-6976-4803-A06A-358BCE610285}.Release|x64.ActiveCfg = Release|x86
		{BA37E895-6976-4803-A06A-358BCE610285}.Release|x86.ActiveCfg = Release|x86
		{BA37E895-6976-4803-A06A-358BCE610285}.Release|x86.Build.0 = Release|x86
		{87686C4F-03B2-491A-A112-D4A1ECA0944D}.Debug|Any CPU.ActiveCfg = Debug|Any CPU
		{87686C4F-03B2-491A-A112-D4A1ECA0944D}.Debug|Any CPU.Build.0 = Debug|Any CPU
		{87686C4F-03B2-491A-A112-D4A1ECA0944D}.Debug|Mixed Platforms.ActiveCfg = Debug|Any CPU
		{87686C4F-03B2-491A-A112-D4A1ECA0944D}.Debug|Mixed Platforms.Build.0 = Debug|Any CPU
		{87686C4F-03B2-491A-A112-D4A1ECA0944D}.Debug|x64.ActiveCfg = Debug|Any CPU
		{87686C4F-03B2-491A-A112-D4A1ECA0944D}.Debug|x64.Build.0 = Debug|Any CPU
		{87686C4F-03B2-491A-A112-D4A1ECA0944D}.Debug|x86.ActiveCfg = Debug|Any CPU
		{87686C4F-03B2-491A-A112-D4A1ECA0944D}.Debug|x86.Build.0 = Debug|Any CPU
		{87686C4F-03B2-491A-A112-D4A1ECA0944D}.Release|Any CPU.ActiveCfg = Release|Any CPU
		{87686C4F-03B2-491A-A112-D4A1ECA0944D}.Release|Any CPU.Build.0 = Release|Any CPU
		{87686C4F-03B2-491A-A112-D4A1ECA0944D}.Release|Mixed Platforms.ActiveCfg = Release|Any CPU
		{87686C4F-03B2-491A-A112-D4A1ECA0944D}.Release|Mixed Platforms.Build.0 = Release|Any CPU
		{87686C4F-03B2-491A-A112-D4A1ECA0944D}.Release|x64.ActiveCfg = Release|Any CPU
		{87686C4F-03B2-491A-A112-D4A1ECA0944D}.Release|x64.Build.0 = Release|Any CPU
		{87686C4F-03B2-491A-A112-D4A1ECA0944D}.Release|x86.ActiveCfg = Release|Any CPU
		{87686C4F-03B2-491A-A112-D4A1ECA0944D}.Release|x86.Build.0 = Release|Any CPU
		{37538DD6-A791-48CD-8003-D0F4EFB7D596}.Debug|Any CPU.ActiveCfg = Debug|x86
		{37538DD6-A791-48CD-8003-D0F4EFB7D596}.Debug|Mixed Platforms.ActiveCfg = Debug|x86
		{37538DD6-A791-48CD-8003-D0F4EFB7D596}.Debug|Mixed Platforms.Build.0 = Debug|x86
		{37538DD6-A791-48CD-8003-D0F4EFB7D596}.Debug|x64.ActiveCfg = Debug|x86
		{37538DD6-A791-48CD-8003-D0F4EFB7D596}.Debug|x86.ActiveCfg = Debug|x86
		{37538DD6-A791-48CD-8003-D0F4EFB7D596}.Debug|x86.Build.0 = Debug|x86
		{37538DD6-A791-48CD-8003-D0F4EFB7D596}.Release|Any CPU.ActiveCfg = Release|x86
		{37538DD6-A791-48CD-8003-D0F4EFB7D596}.Release|Mixed Platforms.ActiveCfg = Release|x86
		{37538DD6-A791-48CD-8003-D0F4EFB7D596}.Release|Mixed Platforms.Build.0 = Release|x86
		{37538DD6-A791-48CD-8003-D0F4EFB7D596}.Release|x64.ActiveCfg = Release|x86
		{37538DD6-A791-48CD-8003-D0F4EFB7D596}.Release|x86.ActiveCfg = Release|x86
		{37538DD6-A791-48CD-8003-D0F4EFB7D596}.Release|x86.Build.0 = Release|x86
	EndGlobalSection
	GlobalSection(SolutionProperties) = preSolution
		HideSolutionNode = FALSE
	EndGlobalSection
EndGlobal
